{
  "name": "@excaliburjs/sdf-text",
  "version": "0.33.0",
  "lockfileVersion": 3,
  "requires": true,
  "packages": {
    "": {
      "name": "@excaliburjs/sdf-text",
      "version": "0.33.0",
      "license": "BSD-2-Clause",
      "dependencies": {
        "@mapbox/tiny-sdf": "2.0.7",
        "excalibur": "0.32.0"
      }
    },
    "node_modules/@mapbox/tiny-sdf": {
      "version": "2.0.7",
      "resolved": "https://registry.npmjs.org/@mapbox/tiny-sdf/-/tiny-sdf-2.0.7.tgz",
      "integrity": "sha512-25gQLQMcpivjOSA40g3gO6qgiFPDpWRoMfd+G/GoppPIeP6JDaMMkMrEJnMZhKyyS6iKwVt5YKu02vCUyJM3Ug==",
      "license": "BSD-2-Clause"
    },
    "node_modules/excalibur": {
      "version": "0.32.0",
      "resolved": "https://registry.npmjs.org/excalibur/-/excalibur-0.32.0.tgz",
      "integrity": "sha512-anCvsZK2Dh3BTlw/ERHr3fvfqF2vdJHw88soCs3r6EIwxbhibNRILMZw3Ae6GMTY8FkzRfkGLyk7DlEZVesUaw==",
      "license": "BSD-2-Clause"
    }
  }
}
